// !$*UTF8*$!
{
	archiveVersion = 1;
	classes = {
	};
	objectVersion = 48;
	objects = {

/* Begin PBXBuildFile section */
		8A570A631FEACDF300287812 /* AppDelegate.swift in Sources */ = {isa = PBXBuildFile; fileRef = 8A570A621FEACDF300287812 /* AppDelegate.swift */; };
		8A570A651FEACDF300287812 /* ViewController.swift in Sources */ = {isa = PBXBuildFile; fileRef = 8A570A641FEACDF300287812 /* ViewController.swift */; };
		8A570A681FEACDF300287812 /* Main.storyboard in Resources */ = {isa = PBXBuildFile; fileRef = 8A570A661FEACDF300287812 /* Main.storyboard */; };
		8A570A6A1FEACDF300287812 /* Assets.xcassets in Resources */ = {isa = PBXBuildFile; fileRef = 8A570A691FEACDF300287812 /* Assets.xcassets */; };
		8A570A6D1FEACDF300287812 /* LaunchScreen.storyboard in Resources */ = {isa = PBXBuildFile; fileRef = 8A570A6B1FEACDF300287812 /* LaunchScreen.storyboard */; };
		90B6921524289B6B486B7242 /* Pods_TestBurnerSDKApp.framework in Frameworks */ = {isa = PBXBuildFile; fileRef = 36DD371F2A6AB5989026D3D6 /* Pods_TestBurnerSDKApp.framework */; };
/* End PBXBuildFile section */

/* Begin PBXCopyFilesBuildPhase section */
		8A8F21592059EEF80048F2F9 /* Embed Frameworks */ = {
			isa = PBXCopyFilesBuildPhase;
			buildActionMask = 2147483647;
			dstPath = "";
			dstSubfolderSpec = 10;
			files = (
			);
			name = "Embed Frameworks";
			runOnlyForDeploymentPostprocessing = 0;
		};
/* End PBXCopyFilesBuildPhase section */

/* Begin PBXFileReference section */
		36DD371F2A6AB5989026D3D6 /* Pods_TestBurnerSDKApp.framework */ = {isa = PBXFileReference; explicitFileType = wrapper.framework; includeInIndex = 0; path = Pods_TestBurnerSDKApp.framework; sourceTree = BUILT_PRODUCTS_DIR; };
		44792F9B612FB9C1C5A5794B /* Pods-TestBurnerSDKApp.release.xcconfig */ = {isa = PBXFileReference; includeInIndex = 1; lastKnownFileType = text.xcconfig; name = "Pods-TestBurnerSDKApp.release.xcconfig"; path = "Pods/Target Support Files/Pods-TestBurnerSDKApp/Pods-TestBurnerSDKApp.release.xcconfig"; sourceTree = "<group>"; };
		8A570A5F1FEACDF300287812 /* TestBurnerSDKApp.app */ = {isa = PBXFileReference; explicitFileType = wrapper.application; includeInIndex = 0; path = TestBurnerSDKApp.app; sourceTree = BUILT_PRODUCTS_DIR; };
		8A570A621FEACDF300287812 /* AppDelegate.swift */ = {isa = PBXFileReference; lastKnownFileType = sourcecode.swift; path = AppDelegate.swift; sourceTree = "<group>"; };
		8A570A641FEACDF300287812 /* ViewController.swift */ = {isa = PBXFileReference; lastKnownFileType = sourcecode.swift; path = ViewController.swift; sourceTree = "<group>"; };
		8A570A671FEACDF300287812 /* Base */ = {isa = PBXFileReference; lastKnownFileType = file.storyboard; name = Base; path = Base.lproj/Main.storyboard; sourceTree = "<group>"; };
		8A570A691FEACDF300287812 /* Assets.xcassets */ = {isa = PBXFileReference; lastKnownFileType = folder.assetcatalog; path = Assets.xcassets; sourceTree = "<group>"; };
		8A570A6C1FEACDF300287812 /* Base */ = {isa = PBXFileReference; lastKnownFileType = file.storyboard; name = Base; path = Base.lproj/LaunchScreen.storyboard; sourceTree = "<group>"; };
		8A570A6E1FEACDF300287812 /* Info.plist */ = {isa = PBXFileReference; lastKnownFileType = text.plist.xml; path = Info.plist; sourceTree = "<group>"; };
		C1D9038563FD171C8D833575 /* Pods-TestBurnerSDKApp.debug.xcconfig */ = {isa = PBXFileReference; includeInIndex = 1; lastKnownFileType = text.xcconfig; name = "Pods-TestBurnerSDKApp.debug.xcconfig"; path = "Pods/Target Support Files/Pods-TestBurnerSDKApp/Pods-TestBurnerSDKApp.debug.xcconfig"; sourceTree = "<group>"; };
/* End PBXFileReference section */

/* Begin PBXFrameworksBuildPhase section */
		8A570A5C1FEACDF300287812 /* Frameworks */ = {
			isa = PBXFrameworksBuildPhase;
			buildActionMask = 2147483647;
			files = (
				90B6921524289B6B486B7242 /* Pods_TestBurnerSDKApp.framework in Frameworks */,
			);
			runOnlyForDeploymentPostprocessing = 0;
		};
/* End PBXFrameworksBuildPhase section */

/* Begin PBXGroup section */
		8A2915F320068C0C001D314B /* Frameworks */ = {
			isa = PBXGroup;
			children = (
				36DD371F2A6AB5989026D3D6 /* Pods_TestBurnerSDKApp.framework */,
			);
			name = Frameworks;
			sourceTree = "<group>";
		};
		8A570A561FEACDF300287812 = {
			isa = PBXGroup;
			children = (
				8A570A611FEACDF300287812 /* TestBurnerSDKApp */,
				8A570A601FEACDF300287812 /* Products */,
				8A2915F320068C0C001D314B /* Frameworks */,
				CC76F56B48046D7FF8FCA8AB /* Pods */,
			);
			sourceTree = "<group>";
		};
		8A570A601FEACDF300287812 /* Products */ = {
			isa = PBXGroup;
			children = (
				8A570A5F1FEACDF300287812 /* TestBurnerSDKApp.app */,
			);
			name = Products;
			sourceTree = "<group>";
		};
		8A570A611FEACDF300287812 /* TestBurnerSDKApp */ = {
			isa = PBXGroup;
			children = (
				8A570A621FEACDF300287812 /* AppDelegate.swift */,
				8A570A641FEACDF300287812 /* ViewController.swift */,
				8A570A661FEACDF300287812 /* Main.storyboard */,
				8A570A691FEACDF300287812 /* Assets.xcassets */,
				8A570A6B1FEACDF300287812 /* LaunchScreen.storyboard */,
				8A570A6E1FEACDF300287812 /* Info.plist */,
			);
			path = TestBurnerSDKApp;
			sourceTree = "<group>";
		};
		CC76F56B48046D7FF8FCA8AB /* Pods */ = {
			isa = PBXGroup;
			children = (
				C1D9038563FD171C8D833575 /* Pods-TestBurnerSDKApp.debug.xcconfig */,
				44792F9B612FB9C1C5A5794B /* Pods-TestBurnerSDKApp.release.xcconfig */,
			);
			name = Pods;
			sourceTree = "<group>";
		};
/* End PBXGroup section */

/* Begin PBXNativeTarget section */
		8A570A5E1FEACDF300287812 /* TestBurnerSDKApp */ = {
			isa = PBXNativeTarget;
			buildConfigurationList = 8A570A871FEACDF300287812 /* Build configuration list for PBXNativeTarget "TestBurnerSDKApp" */;
			buildPhases = (
				410CF05C133DDD97113D600B /* [CP] Check Pods Manifest.lock */,
				8A570A5B1FEACDF300287812 /* Sources */,
				8A570A5C1FEACDF300287812 /* Frameworks */,
				8A570A5D1FEACDF300287812 /* Resources */,
				8A8F21592059EEF80048F2F9 /* Embed Frameworks */,
				976BDF3D221910C141D9E1A1 /* [CP] Embed Pods Frameworks */,
			);
			buildRules = (
			);
			dependencies = (
			);
			name = TestBurnerSDKApp;
			productName = TestBurnerSDKApp;
			productReference = 8A570A5F1FEACDF300287812 /* TestBurnerSDKApp.app */;
			productType = "com.apple.product-type.application";
		};
/* End PBXNativeTarget section */

/* Begin PBXProject section */
		8A570A571FEACDF300287812 /* Project object */ = {
			isa = PBXProject;
			attributes = {
				LastSwiftUpdateCheck = 0920;
				LastUpgradeCheck = 0920;
				ORGANIZATIONNAME = "William Carter";
				TargetAttributes = {
					8A570A5E1FEACDF300287812 = {
						CreatedOnToolsVersion = 9.2;
						ProvisioningStyle = Manual;
					};
				};
			};
			buildConfigurationList = 8A570A5A1FEACDF300287812 /* Build configuration list for PBXProject "TestBurnerSDKApp" */;
			compatibilityVersion = "Xcode 8.0";
			developmentRegion = en;
			hasScannedForEncodings = 0;
			knownRegions = (
				en,
				Base,
			);
			mainGroup = 8A570A561FEACDF300287812;
			productRefGroup = 8A570A601FEACDF300287812 /* Products */;
			projectDirPath = "";
			projectRoot = "";
			targets = (
				8A570A5E1FEACDF300287812 /* TestBurnerSDKApp */,
			);
		};
/* End PBXProject section */

/* Begin PBXResourcesBuildPhase section */
		8A570A5D1FEACDF300287812 /* Resources */ = {
			isa = PBXResourcesBuildPhase;
			buildActionMask = 2147483647;
			files = (
				8A570A6D1FEACDF300287812 /* LaunchScreen.storyboard in Resources */,
				8A570A6A1FEACDF300287812 /* Assets.xcassets in Resources */,
				8A570A681FEACDF300287812 /* Main.storyboard in Resources */,
			);
			runOnlyForDeploymentPostprocessing = 0;
		};
/* End PBXResourcesBuildPhase section */

/* Begin PBXShellScriptBuildPhase section */
		410CF05C133DDD97113D600B /* [CP] Check Pods Manifest.lock */ = {
			isa = PBXShellScriptBuildPhase;
			buildActionMask = 2147483647;
			files = (
			);
			inputPaths = (
				"${PODS_PODFILE_DIR_PATH}/Podfile.lock",
				"${PODS_ROOT}/Manifest.lock",
			);
			name = "[CP] Check Pods Manifest.lock";
			outputPaths = (
				"$(DERIVED_FILE_DIR)/Pods-TestBurnerSDKApp-checkManifestLockResult.txt",
			);
			runOnlyForDeploymentPostprocessing = 0;
			shellPath = /bin/sh;
			shellScript = "diff \"${PODS_PODFILE_DIR_PATH}/Podfile.lock\" \"${PODS_ROOT}/Manifest.lock\" > /dev/null\nif [ $? != 0 ] ; then\n    # print error to STDERR\n    echo \"error: The sandbox is not in sync with the Podfile.lock. Run 'pod install' or update your CocoaPods installation.\" >&2\n    exit 1\nfi\n# This output is used by Xcode 'outputs' to avoid re-running this script phase.\necho \"SUCCESS\" > \"${SCRIPT_OUTPUT_FILE_0}\"\n";
			showEnvVarsInLog = 0;
		};
		976BDF3D221910C141D9E1A1 /* [CP] Embed Pods Frameworks */ = {
			isa = PBXShellScriptBuildPhase;
			buildActionMask = 2147483647;
			files = (
			);
			inputPaths = (
				"${SRCROOT}/Pods/Target Support Files/Pods-TestBurnerSDKApp/Pods-TestBurnerSDKApp-frameworks.sh",
				"${BUILT_PRODUCTS_DIR}/BurnerSDK/BurnerSDK.framework",
			);
			name = "[CP] Embed Pods Frameworks";
			outputPaths = (
				"${TARGET_BUILD_DIR}/${FRAMEWORKS_FOLDER_PATH}/BurnerSDK.framework",
			);
			runOnlyForDeploymentPostprocessing = 0;
			shellPath = /bin/sh;
			shellScript = "\"${SRCROOT}/Pods/Target Support Files/Pods-TestBurnerSDKApp/Pods-TestBurnerSDKApp-frameworks.sh\"\n";
			showEnvVarsInLog = 0;
		};
/* End PBXShellScriptBuildPhase section */

/* Begin PBXSourcesBuildPhase section */
		8A570A5B1FEACDF300287812 /* Sources */ = {
			isa = PBXSourcesBuildPhase;
			buildActionMask = 2147483647;
			files = (
				8A570A651FEACDF300287812 /* ViewController.swift in Sources */,
				8A570A631FEACDF300287812 /* AppDelegate.swift in Sources */,
			);
			runOnlyForDeploymentPostprocessing = 0;
		};
/* End PBXSourcesBuildPhase section */

/* Begin PBXVariantGroup section */
		8A570A661FEACDF300287812 /* Main.storyboard */ = {
			isa = PBXVariantGroup;
			children = (
				8A570A671FEACDF300287812 /* Base */,
			);
			name = Main.storyboard;
			sourceTree = "<group>";
		};
		8A570A6B1FEACDF300287812 /* LaunchScreen.storyboard */ = {
			isa = PBXVariantGroup;
			children = (
				8A570A6C1FEACDF300287812 /* Base */,
			);
			name = LaunchScreen.storyboard;
			sourceTree = "<group>";
		};
/* End PBXVariantGroup section */

/* Begin XCBuildConfiguration section */
		8A570A851FEACDF300287812 /* Debug */ = {
			isa = XCBuildConfiguration;
			buildSettings = {
				ALWAYS_SEARCH_USER_PATHS = NO;
				CLANG_ANALYZER_NONNULL = YES;
				CLANG_ANALYZER_NUMBER_OBJECT_CONVERSION = YES_AGGRESSIVE;
				CLANG_CXX_LANGUAGE_STANDARD = "gnu++14";
				CLANG_CXX_LIBRARY = "libc++";
				CLANG_ENABLE_MODULES = YES;
				CLANG_ENABLE_OBJC_ARC = YES;
				CLANG_WARN_BLOCK_CAPTURE_AUTORELEASING = YES;
				CLANG_WARN_BOOL_CONVERSION = YES;
				CLANG_WARN_COMMA = YES;
				CLANG_WARN_CONSTANT_CONVERSION = YES;
				CLANG_WARN_DIRECT_OBJC_ISA_USAGE = YES_ERROR;
				CLANG_WARN_DOCUMENTATION_COMMENTS = YES;
				CLANG_WARN_EMPTY_BODY = YES;
				CLANG_WARN_ENUM_CONVERSION = YES;
				CLANG_WARN_INFINITE_RECURSION = YES;
				CLANG_WARN_INT_CONVERSION = YES;
				CLANG_WARN_NON_LITERAL_NULL_CONVERSION = YES;
				CLANG_WARN_OBJC_LITERAL_CONVERSION = YES;
				CLANG_WARN_OBJC_ROOT_CLASS = YES_ERROR;
				CLANG_WARN_RANGE_LOOP_ANALYSIS = YES;
				CLANG_WARN_STRICT_PROTOTYPES = YES;
				CLANG_WARN_SUSPICIOUS_MOVE = YES;
				CLANG_WARN_UNGUARDED_AVAILABILITY = YES_AGGRESSIVE;
				CLANG_WARN_UNREACHABLE_CODE = YES;
				CLANG_WARN__DUPLICATE_METHOD_MATCH = YES;
				CODE_SIGN_IDENTITY = "iPhone Developer";
				COPY_PHASE_STRIP = NO;
				DEBUG_INFORMATION_FORMAT = dwarf;
				ENABLE_STRICT_OBJC_MSGSEND = YES;
				ENABLE_TESTABILITY = YES;
				GCC_C_LANGUAGE_STANDARD = gnu11;
				GCC_DYNAMIC_NO_PIC = NO;
				GCC_NO_COMMON_BLOCKS = YES;
				GCC_OPTIMIZATION_LEVEL = 0;
				GCC_PREPROCESSOR_DEFINITIONS = (
					"DEBUG=1",
					"$(inherited)",
				);
				GCC_WARN_64_TO_32_BIT_CONVERSION = YES;
				GCC_WARN_ABOUT_RETURN_TYPE = YES_ERROR;
				GCC_WARN_UNDECLARED_SELECTOR = YES;
				GCC_WARN_UNINITIALIZED_AUTOS = YES_AGGRESSIVE;
				GCC_WARN_UNUSED_FUNCTION = YES;
				GCC_WARN_UNUSED_VARIABLE = YES;
				IPHONEOS_DEPLOYMENT_TARGET = 9.0;
				MTL_ENABLE_DEBUG_INFO = YES;
				ONLY_ACTIVE_ARCH = YES;
				SDKROOT = iphoneos;
				SWIFT_ACTIVE_COMPILATION_CONDITIONS = DEBUG;
				SWIFT_OPTIMIZATION_LEVEL = "-Onone";
			};
			name = Debug;
		};
		8A570A861FEACDF300287812 /* Release */ = {
			isa = XCBuildConfiguration;
			buildSettings = {
				ALWAYS_SEARCH_USER_PATHS = NO;
				CLANG_ANALYZER_NONNULL = YES;
				CLANG_ANALYZER_NUMBER_OBJECT_CONVERSION = YES_AGGRESSIVE;
				CLANG_CXX_LANGUAGE_STANDARD = "gnu++14";
				CLANG_CXX_LIBRARY = "libc++";
				CLANG_ENABLE_MODULES = YES;
				CLANG_ENABLE_OBJC_ARC = YES;
				CLANG_WARN_BLOCK_CAPTURE_AUTORELEASING = YES;
				CLANG_WARN_BOOL_CONVERSION = YES;
				CLANG_WARN_COMMA = YES;
				CLANG_WARN_CONSTANT_CONVERSION = YES;
				CLANG_WARN_DIRECT_OBJC_ISA_USAGE = YES_ERROR;
				CLANG_WARN_DOCUMENTATION_COMMENTS = YES;
				CLANG_WARN_EMPTY_BODY = YES;
				CLANG_WARN_ENUM_CONVERSION = YES;
				CLANG_WARN_INFINITE_RECURSION = YES;
				CLANG_WARN_INT_CONVERSION = YES;
				CLANG_WARN_NON_LITERAL_NULL_CONVERSION = YES;
				CLANG_WARN_OBJC_LITERAL_CONVERSION = YES;
				CLANG_WARN_OBJC_ROOT_CLASS = YES_ERROR;
				CLANG_WARN_RANGE_LOOP_ANALYSIS = YES;
				CLANG_WARN_STRICT_PROTOTYPES = YES;
				CLANG_WARN_SUSPICIOUS_MOVE = YES;
				CLANG_WARN_UNGUARDED_AVAILABILITY = YES_AGGRESSIVE;
				CLANG_WARN_UNREACHABLE_CODE = YES;
				CLANG_WARN__DUPLICATE_METHOD_MATCH = YES;
				CODE_SIGN_IDENTITY = "iPhone Developer";
				COPY_PHASE_STRIP = NO;
				DEBUG_INFORMATION_FORMAT = "dwarf-with-dsym";
				ENABLE_NS_ASSERTIONS = NO;
				ENABLE_STRICT_OBJC_MSGSEND = YES;
				GCC_C_LANGUAGE_STANDARD = gnu11;
				GCC_NO_COMMON_BLOCKS = YES;
				GCC_WARN_64_TO_32_BIT_CONVERSION = YES;
				GCC_WARN_ABOUT_RETURN_TYPE = YES_ERROR;
				GCC_WARN_UNDECLARED_SELECTOR = YES;
				GCC_WARN_UNINITIALIZED_AUTOS = YES_AGGRESSIVE;
				GCC_WARN_UNUSED_FUNCTION = YES;
				GCC_WARN_UNUSED_VARIABLE = YES;
				IPHONEOS_DEPLOYMENT_TARGET = 9.0;
				MTL_ENABLE_DEBUG_INFO = NO;
				SDKROOT = iphoneos;
				SWIFT_OPTIMIZATION_LEVEL = "-Owholemodule";
				VALIDATE_PRODUCT = YES;
			};
			name = Release;
		};
		8A570A881FEACDF300287812 /* Debug */ = {
			isa = XCBuildConfiguration;
			baseConfigurationReference = C1D9038563FD171C8D833575 /* Pods-TestBurnerSDKApp.debug.xcconfig */;
			buildSettings = {
				ASSETCATALOG_COMPILER_APPICON_NAME = AppIcon;
				"CODE_SIGN_IDENTITY[sdk=iphoneos*]" = "iPhone Distribution";
				CODE_SIGN_STYLE = Manual;
				DEVELOPMENT_TEAM = S4VGDRE38L;
				FRAMEWORK_SEARCH_PATHS = (
					"$(inherited)",
					"$(PROJECT_DIR)/TestBurnerSDKApp",
				);
				INFOPLIST_FILE = TestBurnerSDKApp/Info.plist;
				IPHONEOS_DEPLOYMENT_TARGET = 10.0;
				LD_RUNPATH_SEARCH_PATHS = "$(inherited) @executable_path/Frameworks";
				PRODUCT_BUNDLE_IDENTIFIER = com.adhoclabs.TestBurnerSDKApp;
				PRODUCT_NAME = "$(TARGET_NAME)";
				PROVISIONING_PROFILE = "340ce9f9-887a-431e-9263-b8235778f2a2";
				PROVISIONING_PROFILE_SPECIFIER = "Wildcard Testing Profile";
				SWIFT_VERSION = 4.0;
				TARGETED_DEVICE_FAMILY = "1,2";
			};
			name = Debug;
		};
		8A570A891FEACDF300287812 /* Release */ = {
			isa = XCBuildConfiguration;
			baseConfigurationReference = 44792F9B612FB9C1C5A5794B /* Pods-TestBurnerSDKApp.release.xcconfig */;
			buildSettings = {
				ASSETCATALOG_COMPILER_APPICON_NAME = AppIcon;
				"CODE_SIGN_IDENTITY[sdk=iphoneos*]" = "iPhone Distribution";
				CODE_SIGN_STYLE = Manual;
				DEVELOPMENT_TEAM = S4VGDRE38L;
				FRAMEWORK_SEARCH_PATHS = (
					"$(inherited)",
					"$(PROJECT_DIR)/TestBurnerSDKApp",
				);
				INFOPLIST_FILE = TestBurnerSDKApp/Info.plist;
				IPHONEOS_DEPLOYMENT_TARGET = 10.0;
				LD_RUNPATH_SEARCH_PATHS = "$(inherited) @executable_path/Frameworks";
				PRODUCT_BUNDLE_IDENTIFIER = com.adhoclabs.TestBurnerSDKApp;
				PRODUCT_NAME = "$(TARGET_NAME)";
				PROVISIONING_PROFILE = "340ce9f9-887a-431e-9263-b8235778f2a2";
				PROVISIONING_PROFILE_SPECIFIER = "Wildcard Testing Profile";
				SWIFT_VERSION = 4.0;
				TARGETED_DEVICE_FAMILY = "1,2";
			};
			name = Release;
		};
/* End XCBuildConfiguration section */

/* Begin XCConfigurationList section */
		8A570A5A1FEACDF300287812 /* Build configuration list for PBXProject "TestBurnerSDKApp" */ = {
			isa = XCConfigurationList;
			buildConfigurations = (
				8A570A851FEACDF300287812 /* Debug */,
				8A570A861FEACDF300287812 /* Release */,
			);
			defaultConfigurationIsVisible = 0;
			defaultConfigurationName = Release;
		};
		8A570A871FEACDF300287812 /* Build configuration list for PBXNativeTarget "TestBurnerSDKApp" */ = {
			isa = XCConfigurationList;
			buildConfigurations = (
				8A570A881FEACDF300287812 /* Debug */,
				8A570A891FEACDF300287812 /* Release */,
			);
			defaultConfigurationIsVisible = 0;
			defaultConfigurationName = Release;
		};
/* End XCConfigurationList section */
	};
	rootObject = 8A570A571FEACDF300287812 /* Project object */;
}
